
Microsoft Visual Studio Solution File, Format Version 12.00
# Visual Studio 15
VisualStudioVersion = 15.0.28307.438
MinimumVisualStudioVersion = 10.0.40219.1
Project("{8BC9CEB8-8B4A-11D0-8D11-00A0C91BC942}") = "字符相加", "字符相加\字符相加.vcxproj", "{46F2FA77-87CB-4925-939B-4621D9CBD82C}"
EndProject
Global
	GlobalSection(SolutionConfigurationPlatforms) = preSolution
		Debug|x64 = Debug|x64
		Debug|x86 = Debug|x86
		Release|x64 = Release|x64
		Release|x86 = Release|x86
	EndGlobalSection
	GlobalSection(ProjectConfigurationPlatforms) = postSolution
		{46F2FA77-87CB-4925-939B-4621D9CBD82C}.Debug|x64.ActiveCfg = Debug|x64
		{46F2FA77-87CB-4925-939B-4621D9CBD82C}.Debug|x64.Build.0 = Debug|x64
		{46F2FA77-87CB-4925-939B-4621D9CBD82C}.Debug|x86.ActiveCfg = Debug|Win32
		{46F2FA77-87CB-4925-939B-4621D9CBD82C}.Debug|x86.Build.0 = Debug|Win32
		{46F2FA77-87CB-4925-939B-4621D9CBD82C}.Release|x64.ActiveCfg = Release|x64
		{46F2FA77-87CB-4925-939B-4621D9CBD82C}.Release|x64.Build.0 = Release|x64
		{46F2FA77-87CB-4925-939B-4621D9CBD82C}.Release|x86.ActiveCfg = Release|Win32
		{46F2FA77-87CB-4925-939B-4621D9CBD82C}.Release|x86.Build.0 = Release|Win32
	EndGlobalSection
	GlobalSection(SolutionProperties) = preSolution
		HideSolutionNode = FALSE
	EndGlobalSection
	GlobalSection(ExtensibilityGlobals) = postSolution
		SolutionGuid = {6F014C7C-BF15-4A1C-80EF-E38971EAC544}
	EndGlobalSection
EndGlobal
